PODS:
  - Alamofire (5.2.1)
  - CryptoSwift (1.3.2)

DEPENDENCIES:
  - Alamofire
  - CryptoSwift

SPEC REPOS:
  https://github.com/CocoaPods/Specs.git:
    - Alamofire
    - CryptoSwift

SPEC CHECKSUMS:
  Alamofire: e911732990610fe89af59ac0077f923d72dc3dfd
  CryptoSwift: 093499be1a94b0cae36e6c26b70870668cb56060

PODFILE CHECKSUM: 5bcc45aca63a24b000f22a0e441712e1825bd8fe

COCOAPODS: 1.10.0
