PODS:
  - Alamofire (5.2.1)
  - CryptoSwift (1.3.2)

DEPENDENCIES:
  - Alamofire
  - CryptoSwift

SPEC REPOS:
  https://github.com/CocoaPods/Specs.git:
    - Alamofire
    - CryptoSwift

SPEC CHECKSUMS:
  Alamofire: e911732990610fe89af59ac0077f923d72dc3dfd
  CryptoSwift: 093499be1a94b0cae36e6c26b70870668cb56060

PODFILE CHECKSUM: f61403ff8ebbf71e0a10e8252587df09fb254175

COCOAPODS: 1.11.2
