PODS:
  - Alamofire (5.2.1)
  - RNCryptor (5.1.0)

DEPENDENCIES:
  - Alamofire
  - RNCryptor (~> 5.0)

SPEC REPOS:
  https://github.com/CocoaPods/Specs.git:
    - Alamofire
    - RNCryptor

SPEC CHECKSUMS:
  Alamofire: e911732990610fe89af59ac0077f923d72dc3dfd
  RNCryptor: a369134686cd2ad391323cc856b62e591193ba79

PODFILE CHECKSUM: 715a7b0cb4670ae484f15b82b5152706480ffd8f

COCOAPODS: 1.9.2
